
Microsoft Visual Studio Solution File, Format Version 12.00
# Visual Studio 15
VisualStudioVersion = 15.0.28307.852
MinimumVisualStudioVersion = 10.0.40219.1
Project("{9A19103F-16F7-4668-BE54-9A1E7A4F7556}") = "AdventureWorks", "AdventureWorks\AdventureWorks.csproj", "{F18852DC-E767-4712-BEB1-006A5807C785}"
EndProject
Project("{FAE04EC0-301F-11D3-BF4B-00C04F79EFBC}") = "Domain", "Domain\Domain.csproj", "{3FFB8CF5-1E08-46E5-8F92-5BFEFAECEA93}"
EndProject
Project("{FAE04EC0-301F-11D3-BF4B-00C04F79EFBC}") = "AdventureWorks.IntegrationTests", "AdventureWorks.IntegrationTests\AdventureWorks.IntegrationTests.csproj", "{69554B87-34C8-4696-9C06-0F0C8866C39C}"
EndProject
Global
	GlobalSection(SolutionConfigurationPlatforms) = preSolution
		Debug|Any CPU = Debug|Any CPU
		Release|Any CPU = Release|Any CPU
	EndGlobalSection
	GlobalSection(ProjectConfigurationPlatforms) = postSolution
		{F18852DC-E767-4712-BEB1-006A5807C785}.Debug|Any CPU.ActiveCfg = Debug|Any CPU
		{F18852DC-E767-4712-BEB1-006A5807C785}.Debug|Any CPU.Build.0 = Debug|Any CPU
		{F18852DC-E767-4712-BEB1-006A5807C785}.Release|Any CPU.ActiveCfg = Release|Any CPU
		{F18852DC-E767-4712-BEB1-006A5807C785}.Release|Any CPU.Build.0 = Release|Any CPU
		{3FFB8CF5-1E08-46E5-8F92-5BFEFAECEA93}.Debug|Any CPU.ActiveCfg = Debug|Any CPU
		{3FFB8CF5-1E08-46E5-8F92-5BFEFAECEA93}.Debug|Any CPU.Build.0 = Debug|Any CPU
		{3FFB8CF5-1E08-46E5-8F92-5BFEFAECEA93}.Release|Any CPU.ActiveCfg = Release|Any CPU
		{3FFB8CF5-1E08-46E5-8F92-5BFEFAECEA93}.Release|Any CPU.Build.0 = Release|Any CPU
		{69554B87-34C8-4696-9C06-0F0C8866C39C}.Debug|Any CPU.ActiveCfg = Debug|Any CPU
		{69554B87-34C8-4696-9C06-0F0C8866C39C}.Debug|Any CPU.Build.0 = Debug|Any CPU
		{69554B87-34C8-4696-9C06-0F0C8866C39C}.Release|Any CPU.ActiveCfg = Release|Any CPU
		{69554B87-34C8-4696-9C06-0F0C8866C39C}.Release|Any CPU.Build.0 = Release|Any CPU
	EndGlobalSection
	GlobalSection(SolutionProperties) = preSolution
		HideSolutionNode = FALSE
	EndGlobalSection
	GlobalSection(ExtensibilityGlobals) = postSolution
		SolutionGuid = {481D7A16-B108-4073-A67F-D0A106B28A9F}
	EndGlobalSection
EndGlobal
